
Microsoft Visual Studio Solution File, Format Version 12.00
# Visual Studio 15
VisualStudioVersion = 15.0.27703.2035
MinimumVisualStudioVersion = 10.0.40219.1
Project("{FAE04EC0-301F-11D3-BF4B-00C04F79EFBC}") = "1. CRC32", "1. CRC32\1. CRC32.csproj", "{2874EFC5-C1D1-48AC-9CA5-4DD7B49C6F7B}"
EndProject
Project("{FAE04EC0-301F-11D3-BF4B-00C04F79EFBC}") = "2. Steganography 1", "2. Steganography 1\2. Steganography 1.csproj", "{E91FC878-CEB7-4C34-94B6-0C1ADB00427C}"
EndProject
Project("{FAE04EC0-301F-11D3-BF4B-00C04F79EFBC}") = "2. Steganography 2", "2. Steganography 2\2. Steganography 2.csproj", "{ED9D8FB3-D01B-4357-B2C8-D8E0348BA2C0}"
EndProject
Project("{FAE04EC0-301F-11D3-BF4B-00C04F79EFBC}") = "2. Steganography 3", "2. Steganography 3\2. Steganography 3.csproj", "{98AFC14F-EF95-43C3-9654-54457F059752}"
EndProject
Project("{FAE04EC0-301F-11D3-BF4B-00C04F79EFBC}") = "3. Antivirus search", "3. Antivirus search\3. Antivirus search.csproj", "{3063F760-18AB-4365-B50E-0E4FA9DCF4B6}"
EndProject
Project("{FAE04EC0-301F-11D3-BF4B-00C04F79EFBC}") = "4. Viginere cypher", "4. Viginere cypher\4. Viginere cypher.csproj", "{5D73B5ED-C211-4BF6-B9A1-E3628DDB9405}"
EndProject
Global
	GlobalSection(SolutionConfigurationPlatforms) = preSolution
		Debug|Any CPU = Debug|Any CPU
		Release|Any CPU = Release|Any CPU
	EndGlobalSection
	GlobalSection(ProjectConfigurationPlatforms) = postSolution
		{2874EFC5-C1D1-48AC-9CA5-4DD7B49C6F7B}.Debug|Any CPU.ActiveCfg = Debug|Any CPU
		{2874EFC5-C1D1-48AC-9CA5-4DD7B49C6F7B}.Debug|Any CPU.Build.0 = Debug|Any CPU
		{2874EFC5-C1D1-48AC-9CA5-4DD7B49C6F7B}.Release|Any CPU.ActiveCfg = Release|Any CPU
		{2874EFC5-C1D1-48AC-9CA5-4DD7B49C6F7B}.Release|Any CPU.Build.0 = Release|Any CPU
		{E91FC878-CEB7-4C34-94B6-0C1ADB00427C}.Debug|Any CPU.ActiveCfg = Debug|Any CPU
		{E91FC878-CEB7-4C34-94B6-0C1ADB00427C}.Debug|Any CPU.Build.0 = Debug|Any CPU
		{E91FC878-CEB7-4C34-94B6-0C1ADB00427C}.Release|Any CPU.ActiveCfg = Release|Any CPU
		{E91FC878-CEB7-4C34-94B6-0C1ADB00427C}.Release|Any CPU.Build.0 = Release|Any CPU
		{ED9D8FB3-D01B-4357-B2C8-D8E0348BA2C0}.Debug|Any CPU.ActiveCfg = Debug|Any CPU
		{ED9D8FB3-D01B-4357-B2C8-D8E0348BA2C0}.Debug|Any CPU.Build.0 = Debug|Any CPU
		{ED9D8FB3-D01B-4357-B2C8-D8E0348BA2C0}.Release|Any CPU.ActiveCfg = Release|Any CPU
		{ED9D8FB3-D01B-4357-B2C8-D8E0348BA2C0}.Release|Any CPU.Build.0 = Release|Any CPU
		{98AFC14F-EF95-43C3-9654-54457F059752}.Debug|Any CPU.ActiveCfg = Debug|Any CPU
		{98AFC14F-EF95-43C3-9654-54457F059752}.Debug|Any CPU.Build.0 = Debug|Any CPU
		{98AFC14F-EF95-43C3-9654-54457F059752}.Release|Any CPU.ActiveCfg = Release|Any CPU
		{98AFC14F-EF95-43C3-9654-54457F059752}.Release|Any CPU.Build.0 = Release|Any CPU
		{3063F760-18AB-4365-B50E-0E4FA9DCF4B6}.Debug|Any CPU.ActiveCfg = Debug|Any CPU
		{3063F760-18AB-4365-B50E-0E4FA9DCF4B6}.Debug|Any CPU.Build.0 = Debug|Any CPU
		{3063F760-18AB-4365-B50E-0E4FA9DCF4B6}.Release|Any CPU.ActiveCfg = Release|Any CPU
		{3063F760-18AB-4365-B50E-0E4FA9DCF4B6}.Release|Any CPU.Build.0 = Release|Any CPU
		{5D73B5ED-C211-4BF6-B9A1-E3628DDB9405}.Debug|Any CPU.ActiveCfg = Debug|Any CPU
		{5D73B5ED-C211-4BF6-B9A1-E3628DDB9405}.Debug|Any CPU.Build.0 = Debug|Any CPU
		{5D73B5ED-C211-4BF6-B9A1-E3628DDB9405}.Release|Any CPU.ActiveCfg = Release|Any CPU
		{5D73B5ED-C211-4BF6-B9A1-E3628DDB9405}.Release|Any CPU.Build.0 = Release|Any CPU
	EndGlobalSection
	GlobalSection(SolutionProperties) = preSolution
		HideSolutionNode = FALSE
	EndGlobalSection
	GlobalSection(ExtensibilityGlobals) = postSolution
		SolutionGuid = {06079B6A-A4F9-4415-A6AA-EBF7F43A4086}
	EndGlobalSection
EndGlobal
